
Microsoft Visual Studio Solution File, Format Version 12.00
# Visual Studio 15
VisualStudioVersion = 15.0.26730.15
MinimumVisualStudioVersion = 10.0.40219.1
Project("{E24C65DC-7377-472B-9ABA-BC803B73C61A}") = "1617", "1617\", "{8B3A430D-E48E-46DA-A626-E582D03E8B86}"
	ProjectSection(WebsiteProperties) = preProject
		TargetFrameworkMoniker = ".NETFramework,Version%3Dv4.0"
		Debug.AspNetCompiler.VirtualPath = "/localhost_2716"
		Debug.AspNetCompiler.PhysicalPath = "1617\"
		Debug.AspNetCompiler.TargetPath = "PrecompiledWeb\localhost_2716\"
		Debug.AspNetCompiler.Updateable = "true"
		Debug.AspNetCompiler.ForceOverwrite = "true"
		Debug.AspNetCompiler.FixedNames = "false"
		Debug.AspNetCompiler.Debug = "True"
		Release.AspNetCompiler.VirtualPath = "/localhost_2716"
		Release.AspNetCompiler.PhysicalPath = "1617\"
		Release.AspNetCompiler.TargetPath = "PrecompiledWeb\localhost_2716\"
		Release.AspNetCompiler.Updateable = "true"
		Release.AspNetCompiler.ForceOverwrite = "true"
		Release.AspNetCompiler.FixedNames = "false"
		Release.AspNetCompiler.Debug = "False"
		VWDPort = "2716"
		SlnRelativePath = "1617\"
	EndProjectSection
EndProject
Global
	GlobalSection(SolutionConfigurationPlatforms) = preSolution
		Debug|Any CPU = Debug|Any CPU
	EndGlobalSection
	GlobalSection(ProjectConfigurationPlatforms) = postSolution
		{8B3A430D-E48E-46DA-A626-E582D03E8B86}.Debug|Any CPU.ActiveCfg = Debug|Any CPU
		{8B3A430D-E48E-46DA-A626-E582D03E8B86}.Debug|Any CPU.Build.0 = Debug|Any CPU
	EndGlobalSection
	GlobalSection(SolutionProperties) = preSolution
		HideSolutionNode = FALSE
	EndGlobalSection
	GlobalSection(ExtensibilityGlobals) = postSolution
		SolutionGuid = {F73F6F17-CDE3-44CF-945E-65CFDFBA9D12}
	EndGlobalSection
EndGlobal
